
Microsoft Visual Studio Solution File, Format Version 12.00
# Visual Studio Version 17
VisualStudioVersion = 17.3.32929.385
MinimumVisualStudioVersion = 10.0.40219.1
Project("{FAE04EC0-301F-11D3-BF4B-00C04F79EFBC}") = "ZeroTouchNodes", "ZeroTouchTest\ZeroTouchNodes.csproj", "{1DA5665E-2E6D-418B-89CF-2DB20348C4AB}"
EndProject
Global
	GlobalSection(SolutionConfigurationPlatforms) = preSolution
		Debug|Any CPU = Debug|Any CPU
		Release|Any CPU = Release|Any CPU
	EndGlobalSection
	GlobalSection(ProjectConfigurationPlatforms) = postSolution
		{1DA5665E-2E6D-418B-89CF-2DB20348C4AB}.Debug|Any CPU.ActiveCfg = Debug|Any CPU
		{1DA5665E-2E6D-418B-89CF-2DB20348C4AB}.Debug|Any CPU.Build.0 = Debug|Any CPU
		{1DA5665E-2E6D-418B-89CF-2DB20348C4AB}.Release|Any CPU.ActiveCfg = Release|Any CPU
		{1DA5665E-2E6D-418B-89CF-2DB20348C4AB}.Release|Any CPU.Build.0 = Release|Any CPU
	EndGlobalSection
	GlobalSection(SolutionProperties) = preSolution
		HideSolutionNode = FALSE
	EndGlobalSection
	GlobalSection(ExtensibilityGlobals) = postSolution
		SolutionGuid = {5D737443-F942-4276-AD85-29034C6A52D7}
	EndGlobalSection
EndGlobal
